// !$*UTF8*$!
{
	archiveVersion = 1;
	classes = {
	};
	objectVersion = 46;
	objects = {

/* Begin PBXBuildFile section */
		DF4AC2D01EA5964E00AA2783 /* AppDelegate.swift in Sources */ = {isa = PBXBuildFile; fileRef = DF4AC2CF1EA5964E00AA2783 /* AppDelegate.swift */; };
		DF4AC2D21EA5964E00AA2783 /* ViewController.swift in Sources */ = {isa = PBXBuildFile; fileRef = DF4AC2D11EA5964E00AA2783 /* ViewController.swift */; };
		DF4AC2D51EA5964E00AA2783 /* Main.storyboard in Resources */ = {isa = PBXBuildFile; fileRef = DF4AC2D31EA5964E00AA2783 /* Main.storyboard */; };
		DF4AC2D81EA5964E00AA2783 /* TripGallery.xcdatamodeld in Sources */ = {isa = PBXBuildFile; fileRef = DF4AC2D61EA5964E00AA2783 /* TripGallery.xcdatamodeld */; };
		DF4AC2DA1EA5964E00AA2783 /* Assets.xcassets in Resources */ = {isa = PBXBuildFile; fileRef = DF4AC2D91EA5964E00AA2783 /* Assets.xcassets */; };
		DF4AC2DD1EA5964E00AA2783 /* LaunchScreen.storyboard in Resources */ = {isa = PBXBuildFile; fileRef = DF4AC2DB1EA5964E00AA2783 /* LaunchScreen.storyboard */; };
/* End PBXBuildFile section */

/* Begin PBXFileReference section */
		DF4AC2CC1EA5964E00AA2783 /* TripGallery.app */ = {isa = PBXFileReference; explicitFileType = wrapper.application; includeInIndex = 0; path = TripGallery.app; sourceTree = BUILT_PRODUCTS_DIR; };
		DF4AC2CF1EA5964E00AA2783 /* AppDelegate.swift */ = {isa = PBXFileReference; lastKnownFileType = sourcecode.swift; path = AppDelegate.swift; sourceTree = "<group>"; };
		DF4AC2D11EA5964E00AA2783 /* ViewController.swift */ = {isa = PBXFileReference; lastKnownFileType = sourcecode.swift; path = ViewController.swift; sourceTree = "<group>"; };
		DF4AC2D41EA5964E00AA2783 /* Base */ = {isa = PBXFileReference; lastKnownFileType = file.storyboard; name = Base; path = Base.lproj/Main.storyboard; sourceTree = "<group>"; };
		DF4AC2D71EA5964E00AA2783 /* TripGallery.xcdatamodel */ = {isa = PBXFileReference; lastKnownFileType = wrapper.xcdatamodel; path = TripGallery.xcdatamodel; sourceTree = "<group>"; };
		DF4AC2D91EA5964E00AA2783 /* Assets.xcassets */ = {isa = PBXFileReference; lastKnownFileType = folder.assetcatalog; path = Assets.xcassets; sourceTree = "<group>"; };
		DF4AC2DC1EA5964E00AA2783 /* Base */ = {isa = PBXFileReference; lastKnownFileType = file.storyboard; name = Base; path = Base.lproj/LaunchScreen.storyboard; sourceTree = "<group>"; };
		DF4AC2DE1EA5964E00AA2783 /* Info.plist */ = {isa = PBXFileReference; lastKnownFileType = text.plist.xml; path = Info.plist; sourceTree = "<group>"; };
/* End PBXFileReference section */

/* Begin PBXFrameworksBuildPhase section */
		DF4AC2C91EA5964E00AA2783 /* Frameworks */ = {
			isa = PBXFrameworksBuildPhase;
			buildActionMask = 2147483647;
			files = (
			);
			runOnlyForDeploymentPostprocessing = 0;
		};
/* End PBXFrameworksBuildPhase section */

/* Begin PBXGroup section */
		DF4AC2C31EA5964E00AA2783 = {
			isa = PBXGroup;
			children = (
				DF4AC2CE1EA5964E00AA2783 /* TripGallery */,
				DF4AC2CD1EA5964E00AA2783 /* Products */,
			);
			sourceTree = "<group>";
		};
		DF4AC2CD1EA5964E00AA2783 /* Products */ = {
			isa = PBXGroup;
			children = (
				DF4AC2CC1EA5964E00AA2783 /* TripGallery.app */,
			);
			name = Products;
			sourceTree = "<group>";
		};
		DF4AC2CE1EA5964E00AA2783 /* TripGallery */ = {
			isa = PBXGroup;
			children = (
				DF4AC2CF1EA5964E00AA2783 /* AppDelegate.swift */,
				DF4AC2D11EA5964E00AA2783 /* ViewController.swift */,
				DF4AC2D31EA5964E00AA2783 /* Main.storyboard */,
				DF4AC2D91EA5964E00AA2783 /* Assets.xcassets */,
				DF4AC2DB1EA5964E00AA2783 /* LaunchScreen.storyboard */,
				DF4AC2DE1EA5964E00AA2783 /* Info.plist */,
				DF4AC2D61EA5964E00AA2783 /* TripGallery.xcdatamodeld */,
			);
			path = TripGallery;
			sourceTree = "<group>";
		};
/* End PBXGroup section */

/* Begin PBXNativeTarget section */
		DF4AC2CB1EA5964E00AA2783 /* TripGallery */ = {
			isa = PBXNativeTarget;
			buildConfigurationList = DF4AC2E11EA5964E00AA2783 /* Build configuration list for PBXNativeTarget "TripGallery" */;
			buildPhases = (
				DF4AC2C81EA5964E00AA2783 /* Sources */,
				DF4AC2C91EA5964E00AA2783 /* Frameworks */,
				DF4AC2CA1EA5964E00AA2783 /* Resources */,
			);
			buildRules = (
			);
			dependencies = (
			);
			name = TripGallery;
			productName = TripGallery;
			productReference = DF4AC2CC1EA5964E00AA2783 /* TripGallery.app */;
			productType = "com.apple.product-type.application";
		};
/* End PBXNativeTarget section */

/* Begin PBXProject section */
		DF4AC2C41EA5964E00AA2783 /* Project object */ = {
			isa = PBXProject;
			attributes = {
				LastSwiftUpdateCheck = 0820;
				LastUpgradeCheck = 0820;
				ORGANIZATIONNAME = Deakin;
				TargetAttributes = {
					DF4AC2CB1EA5964E00AA2783 = {
						CreatedOnToolsVersion = 8.2.1;
						DevelopmentTeam = 24SM6522LU;
						ProvisioningStyle = Automatic;
					};
				};
			};
			buildConfigurationList = DF4AC2C71EA5964E00AA2783 /* Build configuration list for PBXProject "TripGallery" */;
			compatibilityVersion = "Xcode 3.2";
			developmentRegion = English;
			hasScannedForEncodings = 0;
			knownRegions = (
				en,
				Base,
			);
			mainGroup = DF4AC2C31EA5964E00AA2783;
			productRefGroup = DF4AC2CD1EA5964E00AA2783 /* Products */;
			projectDirPath = "";
			projectRoot = "";
			targets = (
				DF4AC2CB1EA5964E00AA2783 /* TripGallery */,
			);
		};
/* End PBXProject section */

/* Begin PBXResourcesBuildPhase section */
		DF4AC2CA1EA5964E00AA2783 /* Resources */ = {
			isa = PBXResourcesBuildPhase;
			buildActionMask = 2147483647;
			files = (
				DF4AC2DD1EA5964E00AA2783 /* LaunchScreen.storyboard in Resources */,
				DF4AC2DA1EA5964E00AA2783 /* Assets.xcassets in Resources */,
				DF4AC2D51EA5964E00AA2783 /* Main.storyboard in Resources */,
			);
			runOnlyForDeploymentPostprocessing = 0;
		};
/* End PBXResourcesBuildPhase section */

/* Begin PBXSourcesBuildPhase section */
		DF4AC2C81EA5964E00AA2783 /* Sources */ = {
			isa = PBXSourcesBuildPhase;
			buildActionMask = 2147483647;
			files = (
				DF4AC2D21EA5964E00AA2783 /* ViewController.swift in Sources */,
				DF4AC2D81EA5964E00AA2783 /* TripGallery.xcdatamodeld in Sources */,
				DF4AC2D01EA5964E00AA2783 /* AppDelegate.swift in Sources */,
			);
			runOnlyForDeploymentPostprocessing = 0;
		};
/* End PBXSourcesBuildPhase section */

/* Begin PBXVariantGroup section */
		DF4AC2D31EA5964E00AA2783 /* Main.storyboard */ = {
			isa = PBXVariantGroup;
			children = (
				DF4AC2D41EA5964E00AA2783 /* Base */,
			);
			name = Main.storyboard;
			sourceTree = "<group>";
		};
		DF4AC2DB1EA5964E00AA2783 /* LaunchScreen.storyboard */ = {
			isa = PBXVariantGroup;
			children = (
				DF4AC2DC1EA5964E00AA2783 /* Base */,
			);
			name = LaunchScreen.storyboard;
			sourceTree = "<group>";
		};
/* End PBXVariantGroup section */

/* Begin XCBuildConfiguration section */
		DF4AC2DF1EA5964E00AA2783 /* Debug */ = {
			isa = XCBuildConfiguration;
			buildSettings = {
				ALWAYS_SEARCH_USER_PATHS = NO;
				CLANG_ANALYZER_NONNULL = YES;
				CLANG_CXX_LANGUAGE_STANDARD = "gnu++0x";
				CLANG_CXX_LIBRARY = "libc++";
				CLANG_ENABLE_MODULES = YES;
				CLANG_ENABLE_OBJC_ARC = YES;
				CLANG_WARN_BOOL_CONVERSION = YES;
				CLANG_WARN_CONSTANT_CONVERSION = YES;
				CLANG_WARN_DIRECT_OBJC_ISA_USAGE = YES_ERROR;
				CLANG_WARN_DOCUMENTATION_COMMENTS = YES;
				CLANG_WARN_EMPTY_BODY = YES;
				CLANG_WARN_ENUM_CONVERSION = YES;
				CLANG_WARN_INFINITE_RECURSION = YES;
				CLANG_WARN_INT_CONVERSION = YES;
				CLANG_WARN_OBJC_ROOT_CLASS = YES_ERROR;
				CLANG_WARN_SUSPICIOUS_MOVE = YES;
				CLANG_WARN_UNREACHABLE_CODE = YES;
				CLANG_WARN__DUPLICATE_METHOD_MATCH = YES;
				"CODE_SIGN_IDENTITY[sdk=iphoneos*]" = "iPhone Developer";
				COPY_PHASE_STRIP = NO;
				DEBUG_INFORMATION_FORMAT = dwarf;
				ENABLE_STRICT_OBJC_MSGSEND = YES;
				ENABLE_TESTABILITY = YES;
				GCC_C_LANGUAGE_STANDARD = gnu99;
				GCC_DYNAMIC_NO_PIC = NO;
				GCC_NO_COMMON_BLOCKS = YES;
				GCC_OPTIMIZATION_LEVEL = 0;
				GCC_PREPROCESSOR_DEFINITIONS = (
					"DEBUG=1",
					"$(inherited)",
				);
				GCC_WARN_64_TO_32_BIT_CONVERSION = YES;
				GCC_WARN_ABOUT_RETURN_TYPE = YES_ERROR;
				GCC_WARN_UNDECLARED_SELECTOR = YES;
				GCC_WARN_UNINITIALIZED_AUTOS = YES_AGGRESSIVE;
				GCC_WARN_UNUSED_FUNCTION = YES;
				GCC_WARN_UNUSED_VARIABLE = YES;
				IPHONEOS_DEPLOYMENT_TARGET = 10.2;
				MTL_ENABLE_DEBUG_INFO = YES;
				ONLY_ACTIVE_ARCH = YES;
				SDKROOT = iphoneos;
				SWIFT_ACTIVE_COMPILATION_CONDITIONS = DEBUG;
				SWIFT_OPTIMIZATION_LEVEL = "-Onone";
				TARGETED_DEVICE_FAMILY = "1,2";
			};
			name = Debug;
		};
		DF4AC2E01EA5964E00AA2783 /* Release */ = {
			isa = XCBuildConfiguration;
			buildSettings = {
				ALWAYS_SEARCH_USER_PATHS = NO;
				CLANG_ANALYZER_NONNULL = YES;
				CLANG_CXX_LANGUAGE_STANDARD = "gnu++0x";
				CLANG_CXX_LIBRARY = "libc++";
				CLANG_ENABLE_MODULES = YES;
				CLANG_ENABLE_OBJC_ARC = YES;
				CLANG_WARN_BOOL_CONVERSION = YES;
				CLANG_WARN_CONSTANT_CONVERSION = YES;
				CLANG_WARN_DIRECT_OBJC_ISA_USAGE = YES_ERROR;
				CLANG_WARN_DOCUMENTATION_COMMENTS = YES;
				CLANG_WARN_EMPTY_BODY = YES;
				CLANG_WARN_ENUM_CONVERSION = YES;
				CLANG_WARN_INFINITE_RECURSION = YES;
				CLANG_WARN_INT_CONVERSION = YES;
				CLANG_WARN_OBJC_ROOT_CLASS = YES_ERROR;
				CLANG_WARN_SUSPICIOUS_MOVE = YES;
				CLANG_WARN_UNREACHABLE_CODE = YES;
				CLANG_WARN__DUPLICATE_METHOD_MATCH = YES;
				"CODE_SIGN_IDENTITY[sdk=iphoneos*]" = "iPhone Developer";
				COPY_PHASE_STRIP = NO;
				DEBUG_INFORMATION_FORMAT = "dwarf-with-dsym";
				ENABLE_NS_ASSERTIONS = NO;
				ENABLE_STRICT_OBJC_MSGSEND = YES;
				GCC_C_LANGUAGE_STANDARD = gnu99;
				GCC_NO_COMMON_BLOCKS = YES;
				GCC_WARN_64_TO_32_BIT_CONVERSION = YES;
				GCC_WARN_ABOUT_RETURN_TYPE = YES_ERROR;
				GCC_WARN_UNDECLARED_SELECTOR = YES;
				GCC_WARN_UNINITIALIZED_AUTOS = YES_AGGRESSIVE;
				GCC_WARN_UNUSED_FUNCTION = YES;
				GCC_WARN_UNUSED_VARIABLE = YES;
				IPHONEOS_DEPLOYMENT_TARGET = 10.2;
				MTL_ENABLE_DEBUG_INFO = NO;
				SDKROOT = iphoneos;
				SWIFT_OPTIMIZATION_LEVEL = "-Owholemodule";
				TARGETED_DEVICE_FAMILY = "1,2";
				VALIDATE_PRODUCT = YES;
			};
			name = Release;
		};
		DF4AC2E21EA5964E00AA2783 /* Debug */ = {
			isa = XCBuildConfiguration;
			buildSettings = {
				ASSETCATALOG_COMPILER_APPICON_NAME = AppIcon;
				DEVELOPMENT_TEAM = 24SM6522LU;
				INFOPLIST_FILE = TripGallery/Info.plist;
				LD_RUNPATH_SEARCH_PATHS = "$(inherited) @executable_path/Frameworks";
				PRODUCT_BUNDLE_IDENTIFIER = deakin.TripGallery;
				PRODUCT_NAME = "$(TARGET_NAME)";
				SWIFT_VERSION = 3.0;
			};
			name = Debug;
		};
		DF4AC2E31EA5964E00AA2783 /* Release */ = {
			isa = XCBuildConfiguration;
			buildSettings = {
				ASSETCATALOG_COMPILER_APPICON_NAME = AppIcon;
				DEVELOPMENT_TEAM = 24SM6522LU;
				INFOPLIST_FILE = TripGallery/Info.plist;
				LD_RUNPATH_SEARCH_PATHS = "$(inherited) @executable_path/Frameworks";
				PRODUCT_BUNDLE_IDENTIFIER = deakin.TripGallery;
				PRODUCT_NAME = "$(TARGET_NAME)";
				SWIFT_VERSION = 3.0;
			};
			name = Release;
		};
/* End XCBuildConfiguration section */

/* Begin XCConfigurationList section */
		DF4AC2C71EA5964E00AA2783 /* Build configuration list for PBXProject "TripGallery" */ = {
			isa = XCConfigurationList;
			buildConfigurations = (
				DF4AC2DF1EA5964E00AA2783 /* Debug */,
				DF4AC2E01EA5964E00AA2783 /* Release */,
			);
			defaultConfigurationIsVisible = 0;
			defaultConfigurationName = Release;
		};
		DF4AC2E11EA5964E00AA2783 /* Build configuration list for PBXNativeTarget "TripGallery" */ = {
			isa = XCConfigurationList;
			buildConfigurations = (
				DF4AC2E21EA5964E00AA2783 /* Debug */,
				DF4AC2E31EA5964E00AA2783 /* Release */,
			);
			defaultConfigurationIsVisible = 0;
		};
/* End XCConfigurationList section */

/* Begin XCVersionGroup section */
		DF4AC2D61EA5964E00AA2783 /* TripGallery.xcdatamodeld */ = {
			isa = XCVersionGroup;
			children = (
				DF4AC2D71EA5964E00AA2783 /* TripGallery.xcdatamodel */,
			);
			currentVersion = DF4AC2D71EA5964E00AA2783 /* TripGallery.xcdatamodel */;
			path = TripGallery.xcdatamodeld;
			sourceTree = "<group>";
			versionGroupType = wrapper.xcdatamodel;
		};
/* End XCVersionGroup section */
	};
	rootObject = DF4AC2C41EA5964E00AA2783 /* Project object */;
}
